
Microsoft Visual Studio Solution File, Format Version 12.00
# Visual Studio Version 17
VisualStudioVersion = 17.9.34622.214
MinimumVisualStudioVersion = 10.0.40219.1
Project("{9A19103F-16F7-4668-BE54-9A1E7A4F7556}") = "MilagrosDeEsperanza", "MilagrosDeEsperazna\MilagrosDeEsperanza.csproj", "{32663C1B-919D-49A3-91FD-A68F64008CA0}"
EndProject
Global
	GlobalSection(SolutionConfigurationPlatforms) = preSolution
		Debug|Any CPU = Debug|Any CPU
		Release|Any CPU = Release|Any CPU
	EndGlobalSection
	GlobalSection(ProjectConfigurationPlatforms) = postSolution
		{32663C1B-919D-49A3-91FD-A68F64008CA0}.Debug|Any CPU.ActiveCfg = Debug|Any CPU
		{32663C1B-919D-49A3-91FD-A68F64008CA0}.Debug|Any CPU.Build.0 = Debug|Any CPU
		{32663C1B-919D-49A3-91FD-A68F64008CA0}.Release|Any CPU.ActiveCfg = Release|Any CPU
		{32663C1B-919D-49A3-91FD-A68F64008CA0}.Release|Any CPU.Build.0 = Release|Any CPU
	EndGlobalSection
	GlobalSection(SolutionProperties) = preSolution
		HideSolutionNode = FALSE
	EndGlobalSection
	GlobalSection(ExtensibilityGlobals) = postSolution
		SolutionGuid = {EEC7F282-2226-492C-93CC-50BD999D1071}
	EndGlobalSection
EndGlobal
